
Microsoft Visual Studio Solution File, Format Version 12.00
# Visual Studio Version 17
VisualStudioVersion = 17.0.31903.59
MinimumVisualStudioVersion = 10.0.40219.1
Project("{2150E333-8FDC-42A3-9474-1A3956D46DE8}") = "src", "src", "{D6F8A443-ADD2-4412-B49F-8488130798AD}"
EndProject
Project("{FAE04EC0-301F-11D3-BF4B-00C04F79EFBC}") = "MyLibrary", "src\MyLibrary\MyLibrary.csproj", "{01780170-07A1-48E2-8F28-7D2DD59F369C}"
EndProject
Project("{2150E333-8FDC-42A3-9474-1A3956D46DE8}") = "test", "test", "{D72187F4-1FCB-4114-BB58-0C25AD9A6437}"
EndProject
Project("{FAE04EC0-301F-11D3-BF4B-00C04F79EFBC}") = "MyLibrary.Specs", "test\MyLibrary.Specs\MyLibrary.Specs.csproj", "{BA2B272B-C4A1-4128-AF49-C3F854006C98}"
EndProject
Global
	GlobalSection(SolutionConfigurationPlatforms) = preSolution
		Debug|Any CPU = Debug|Any CPU
		Release|Any CPU = Release|Any CPU
	EndGlobalSection
	GlobalSection(ProjectConfigurationPlatforms) = postSolution
		{01780170-07A1-48E2-8F28-7D2DD59F369C}.Debug|Any CPU.ActiveCfg = Debug|Any CPU
		{01780170-07A1-48E2-8F28-7D2DD59F369C}.Debug|Any CPU.Build.0 = Debug|Any CPU
		{01780170-07A1-48E2-8F28-7D2DD59F369C}.Release|Any CPU.ActiveCfg = Release|Any CPU
		{01780170-07A1-48E2-8F28-7D2DD59F369C}.Release|Any CPU.Build.0 = Release|Any CPU
		{BA2B272B-C4A1-4128-AF49-C3F854006C98}.Debug|Any CPU.ActiveCfg = Debug|Any CPU
		{BA2B272B-C4A1-4128-AF49-C3F854006C98}.Debug|Any CPU.Build.0 = Debug|Any CPU
		{BA2B272B-C4A1-4128-AF49-C3F854006C98}.Release|Any CPU.ActiveCfg = Release|Any CPU
		{BA2B272B-C4A1-4128-AF49-C3F854006C98}.Release|Any CPU.Build.0 = Release|Any CPU
	EndGlobalSection
	GlobalSection(SolutionProperties) = preSolution
		HideSolutionNode = FALSE
	EndGlobalSection
	GlobalSection(NestedProjects) = preSolution
		{01780170-07A1-48E2-8F28-7D2DD59F369C} = {D6F8A443-ADD2-4412-B49F-8488130798AD}
		{BA2B272B-C4A1-4128-AF49-C3F854006C98} = {D72187F4-1FCB-4114-BB58-0C25AD9A6437}
	EndGlobalSection
	GlobalSection(ExtensibilityGlobals) = postSolution
		SolutionGuid = {2BB484C6-2CED-43A2-95D9-0294E34F1575}
	EndGlobalSection
EndGlobal
